
Microsoft Visual Studio Solution File, Format Version 12.00
# Visual Studio 15
VisualStudioVersion = 15.0.26124.0
MinimumVisualStudioVersion = 15.0.26124.0
Project("{2150E333-8FDC-42A3-9474-1A3956D46DE8}") = "Proto", "Proto", "{81DD0650-3E16-11EA-B66E-27DC88AB972E}"
EndProject
Project("{2150E333-8FDC-42A3-9474-1A3956D46DE8}") = "Server", "Server", "{8D0B1DA0-3E16-11EA-B66E-27DC88AB972E}"
EndProject
Project("{FAE04EC0-301F-11D3-BF4B-00C04F79EFBC}") = "SuperApp.Proto", "Proto\SuperApp.Proto\SuperApp.Proto.csproj", "{71088C74-E5FF-403E-8CCA-052726B7BB22}"
EndProject
Project("{FAE04EC0-301F-11D3-BF4B-00C04F79EFBC}") = "SuperApp.Server", "Server\SuperApp.Server\SuperApp.Server.csproj", "{A7AED9D0-9853-4C7D-BFF2-19A521A60567}"
EndProject
Project("{2150E333-8FDC-42A3-9474-1A3956D46DE8}") = "Client", "Client", "{5B9D2C23-592A-42F4-9A00-0D95E3DD4663}"
EndProject
Project("{FAE04EC0-301F-11D3-BF4B-00C04F79EFBC}") = "SuperApp.Client", "Client\SuperApp.Client\SuperApp.Client.csproj", "{07AE3A18-F628-4DFA-904D-74361FFD80F0}"
EndProject
Global
	GlobalSection(SolutionConfigurationPlatforms) = preSolution
		Debug|Any CPU = Debug|Any CPU
		Debug|x64 = Debug|x64
		Debug|x86 = Debug|x86
		Release|Any CPU = Release|Any CPU
		Release|x64 = Release|x64
		Release|x86 = Release|x86
	EndGlobalSection
	GlobalSection(SolutionProperties) = preSolution
		HideSolutionNode = FALSE
	EndGlobalSection
	GlobalSection(ProjectConfigurationPlatforms) = postSolution
		{71088C74-E5FF-403E-8CCA-052726B7BB22}.Debug|Any CPU.ActiveCfg = Debug|Any CPU
		{71088C74-E5FF-403E-8CCA-052726B7BB22}.Debug|Any CPU.Build.0 = Debug|Any CPU
		{71088C74-E5FF-403E-8CCA-052726B7BB22}.Debug|x64.ActiveCfg = Debug|Any CPU
		{71088C74-E5FF-403E-8CCA-052726B7BB22}.Debug|x64.Build.0 = Debug|Any CPU
		{71088C74-E5FF-403E-8CCA-052726B7BB22}.Debug|x86.ActiveCfg = Debug|Any CPU
		{71088C74-E5FF-403E-8CCA-052726B7BB22}.Debug|x86.Build.0 = Debug|Any CPU
		{71088C74-E5FF-403E-8CCA-052726B7BB22}.Release|Any CPU.ActiveCfg = Release|Any CPU
		{71088C74-E5FF-403E-8CCA-052726B7BB22}.Release|Any CPU.Build.0 = Release|Any CPU
		{71088C74-E5FF-403E-8CCA-052726B7BB22}.Release|x64.ActiveCfg = Release|Any CPU
		{71088C74-E5FF-403E-8CCA-052726B7BB22}.Release|x64.Build.0 = Release|Any CPU
		{71088C74-E5FF-403E-8CCA-052726B7BB22}.Release|x86.ActiveCfg = Release|Any CPU
		{71088C74-E5FF-403E-8CCA-052726B7BB22}.Release|x86.Build.0 = Release|Any CPU
		{A7AED9D0-9853-4C7D-BFF2-19A521A60567}.Debug|Any CPU.ActiveCfg = Debug|Any CPU
		{A7AED9D0-9853-4C7D-BFF2-19A521A60567}.Debug|Any CPU.Build.0 = Debug|Any CPU
		{A7AED9D0-9853-4C7D-BFF2-19A521A60567}.Debug|x64.ActiveCfg = Debug|Any CPU
		{A7AED9D0-9853-4C7D-BFF2-19A521A60567}.Debug|x64.Build.0 = Debug|Any CPU
		{A7AED9D0-9853-4C7D-BFF2-19A521A60567}.Debug|x86.ActiveCfg = Debug|Any CPU
		{A7AED9D0-9853-4C7D-BFF2-19A521A60567}.Debug|x86.Build.0 = Debug|Any CPU
		{A7AED9D0-9853-4C7D-BFF2-19A521A60567}.Release|Any CPU.ActiveCfg = Release|Any CPU
		{A7AED9D0-9853-4C7D-BFF2-19A521A60567}.Release|Any CPU.Build.0 = Release|Any CPU
		{A7AED9D0-9853-4C7D-BFF2-19A521A60567}.Release|x64.ActiveCfg = Release|Any CPU
		{A7AED9D0-9853-4C7D-BFF2-19A521A60567}.Release|x64.Build.0 = Release|Any CPU
		{A7AED9D0-9853-4C7D-BFF2-19A521A60567}.Release|x86.ActiveCfg = Release|Any CPU
		{A7AED9D0-9853-4C7D-BFF2-19A521A60567}.Release|x86.Build.0 = Release|Any CPU
		{07AE3A18-F628-4DFA-904D-74361FFD80F0}.Debug|Any CPU.ActiveCfg = Debug|Any CPU
		{07AE3A18-F628-4DFA-904D-74361FFD80F0}.Debug|Any CPU.Build.0 = Debug|Any CPU
		{07AE3A18-F628-4DFA-904D-74361FFD80F0}.Debug|x64.ActiveCfg = Debug|Any CPU
		{07AE3A18-F628-4DFA-904D-74361FFD80F0}.Debug|x64.Build.0 = Debug|Any CPU
		{07AE3A18-F628-4DFA-904D-74361FFD80F0}.Debug|x86.ActiveCfg = Debug|Any CPU
		{07AE3A18-F628-4DFA-904D-74361FFD80F0}.Debug|x86.Build.0 = Debug|Any CPU
		{07AE3A18-F628-4DFA-904D-74361FFD80F0}.Release|Any CPU.ActiveCfg = Release|Any CPU
		{07AE3A18-F628-4DFA-904D-74361FFD80F0}.Release|Any CPU.Build.0 = Release|Any CPU
		{07AE3A18-F628-4DFA-904D-74361FFD80F0}.Release|x64.ActiveCfg = Release|Any CPU
		{07AE3A18-F628-4DFA-904D-74361FFD80F0}.Release|x64.Build.0 = Release|Any CPU
		{07AE3A18-F628-4DFA-904D-74361FFD80F0}.Release|x86.ActiveCfg = Release|Any CPU
		{07AE3A18-F628-4DFA-904D-74361FFD80F0}.Release|x86.Build.0 = Release|Any CPU
	EndGlobalSection
	GlobalSection(NestedProjects) = preSolution
		{71088C74-E5FF-403E-8CCA-052726B7BB22} = {81DD0650-3E16-11EA-B66E-27DC88AB972E}
		{A7AED9D0-9853-4C7D-BFF2-19A521A60567} = {8D0B1DA0-3E16-11EA-B66E-27DC88AB972E}
		{07AE3A18-F628-4DFA-904D-74361FFD80F0} = {5B9D2C23-592A-42F4-9A00-0D95E3DD4663}
	EndGlobalSection
EndGlobal
